Microsoft Visual Studio Solution File, Format Version 12.00
# Visual Studio Version 17
VisualStudioVersion = 17.13.35931.197
MinimumVisualStudioVersion = 10.0.40219.1
Project("{FAE04EC0-301F-11D3-BF4B-00C04F79EFBC}") = "PortfolioApp.Api", "PortfolioApp.Api\PortfolioApp.Api.csproj", "{8ECEDDCC-43A3-4A3A-963A-598FC67C9336}"
EndProject
Global
	GlobalSection(SolutionConfigurationPlatforms) = preSolution
		Debug|Any CPU = Debug|Any CPU
		Release|Any CPU = Release|Any CPU
	EndGlobalSection
	GlobalSection(ProjectConfigurationPlatforms) = postSolution
		{8ECEDDCC-43A3-4A3A-963A-598FC67C9336}.Debug|Any CPU.ActiveCfg = Debug|Any CPU
		{8ECEDDCC-43A3-4A3A-963A-598FC67C9336}.Debug|Any CPU.Build.0 = Debug|Any CPU
		{8ECEDDCC-43A3-4A3A-963A-598FC67C9336}.Release|Any CPU.ActiveCfg = Release|Any CPU
		{8ECEDDCC-43A3-4A3A-963A-598FC67C9336}.Release|Any CPU.Build.0 = Release|Any CPU
	EndGlobalSection
	GlobalSection(SolutionProperties) = preSolution
		HideSolutionNode = FALSE
	EndGlobalSection
	GlobalSection(ExtensibilityGlobals) = postSolution
		SolutionGuid = {0F200235-0B5F-402F-AF8B-9E6593DB8745}
	EndGlobalSection
EndGlobal
